
Microsoft Visual Studio Solution File, Format Version 12.00
# Visual Studio Version 17
VisualStudioVersion = 17.11.35222.181
MinimumVisualStudioVersion = 10.0.40219.1
Project("{FAE04EC0-301F-11D3-BF4B-00C04F79EFBC}") = "UslmRemoveTags", "UslmRemoveTags\UslmRemoveTags.csproj", "{2EDD0AE6-4968-4FFC-B00E-1F4FBC8749D3}"
EndProject
Global
	GlobalSection(SolutionConfigurationPlatforms) = preSolution
		Debug|Any CPU = Debug|Any CPU
		Release|Any CPU = Release|Any CPU
	EndGlobalSection
	GlobalSection(ProjectConfigurationPlatforms) = postSolution
		{2EDD0AE6-4968-4FFC-B00E-1F4FBC8749D3}.Debug|Any CPU.ActiveCfg = Debug|Any CPU
		{2EDD0AE6-4968-4FFC-B00E-1F4FBC8749D3}.Debug|Any CPU.Build.0 = Debug|Any CPU
		{2EDD0AE6-4968-4FFC-B00E-1F4FBC8749D3}.Release|Any CPU.ActiveCfg = Release|Any CPU
		{2EDD0AE6-4968-4FFC-B00E-1F4FBC8749D3}.Release|Any CPU.Build.0 = Release|Any CPU
	EndGlobalSection
	GlobalSection(SolutionProperties) = preSolution
		HideSolutionNode = FALSE
	EndGlobalSection
	GlobalSection(ExtensibilityGlobals) = postSolution
		SolutionGuid = {0501D901-1F7F-4C7B-ADDD-6B20F1BFC6D2}
	EndGlobalSection
EndGlobal
